// !$*UTF8*$!
{
	archiveVersion = 1;
	classes = {
	};
	objectVersion = 77;
	objects = {

/* Begin PBXContainerItemProxy section */
		CE63B7212CA46C5300D0397A /* PBXContainerItemProxy */ = {
			isa = PBXContainerItemProxy;
			containerPortal = CE63B7022CA46C5000D0397A /* Project object */;
			proxyType = 1;
			remoteGlobalIDString = CE63B7092CA46C5000D0397A;
			remoteInfo = telaDeLogin;
		};
		CE63B72B2CA46C5300D0397A /* PBXContainerItemProxy */ = {
			isa = PBXContainerItemProxy;
			containerPortal = CE63B7022CA46C5000D0397A /* Project object */;
			proxyType = 1;
			remoteGlobalIDString = CE63B7092CA46C5000D0397A;
			remoteInfo = telaDeLogin;
		};
/* End PBXContainerItemProxy section */

/* Begin PBXFileReference section */
		CE63B70A2CA46C5000D0397A /* telaDeLogin.app */ = {isa = PBXFileReference; explicitFileType = wrapper.application; includeInIndex = 0; path = telaDeLogin.app; sourceTree = BUILT_PRODUCTS_DIR; };
		CE63B7202CA46C5300D0397A /* telaDeLoginTests.xctest */ = {isa = PBXFileReference; explicitFileType = wrapper.cfbundle; includeInIndex = 0; path = telaDeLoginTests.xctest; sourceTree = BUILT_PRODUCTS_DIR; };
		CE63B72A2CA46C5300D0397A /* telaDeLoginUITests.xctest */ = {isa = PBXFileReference; explicitFileType = wrapper.cfbundle; includeInIndex = 0; path = telaDeLoginUITests.xctest; sourceTree = BUILT_PRODUCTS_DIR; };
/* End PBXFileReference section */

/* Begin PBXFileSystemSynchronizedBuildFileExceptionSet section */
		CE63B7322CA46C5300D0397A /* Exceptions for "telaDeLogin" folder in "telaDeLogin" target */ = {
			isa = PBXFileSystemSynchronizedBuildFileExceptionSet;
			membershipExceptions = (
				Info.plist,
			);
			target = CE63B7092CA46C5000D0397A /* telaDeLogin */;
		};
/* End PBXFileSystemSynchronizedBuildFileExceptionSet section */

/* Begin PBXFileSystemSynchronizedRootGroup section */
		CE63B70C2CA46C5000D0397A /* telaDeLogin */ = {
			isa = PBXFileSystemSynchronizedRootGroup;
			exceptions = (
				CE63B7322CA46C5300D0397A /* Exceptions for "telaDeLogin" folder in "telaDeLogin" target */,
			);
			path = telaDeLogin;
			sourceTree = "<group>";
		};
		CE63B7232CA46C5300D0397A /* telaDeLoginTests */ = {
			isa = PBXFileSystemSynchronizedRootGroup;
			path = telaDeLoginTests;
			sourceTree = "<group>";
		};
		CE63B72D2CA46C5300D0397A /* telaDeLoginUITests */ = {
			isa = PBXFileSystemSynchronizedRootGroup;
			path = telaDeLoginUITests;
			sourceTree = "<group>";
		};
/* End PBXFileSystemSynchronizedRootGroup section */

/* Begin PBXFrameworksBuildPhase section */
		CE63B7072CA46C5000D0397A /* Frameworks */ = {
			isa = PBXFrameworksBuildPhase;
			buildActionMask = 2147483647;
			files = (
			);
			runOnlyForDeploymentPostprocessing = 0;
		};
		CE63B71D2CA46C5300D0397A /* Frameworks */ = {
			isa = PBXFrameworksBuildPhase;
			buildActionMask = 2147483647;
			files = (
			);
			runOnlyForDeploymentPostprocessing = 0;
		};
		CE63B7272CA46C5300D0397A /* Frameworks */ = {
			isa = PBXFrameworksBuildPhase;
			buildActionMask = 2147483647;
			files = (
			);
			runOnlyForDeploymentPostprocessing = 0;
		};
/* End PBXFrameworksBuildPhase section */

/* Begin PBXGroup section */
		CE63B7012CA46C5000D0397A = {
			isa = PBXGroup;
			children = (
				CE63B70C2CA46C5000D0397A /* telaDeLogin */,
				CE63B7232CA46C5300D0397A /* telaDeLoginTests */,
				CE63B72D2CA46C5300D0397A /* telaDeLoginUITests */,
				CE63B70B2CA46C5000D0397A /* Products */,
			);
			sourceTree = "<group>";
		};
		CE63B70B2CA46C5000D0397A /* Products */ = {
			isa = PBXGroup;
			children = (
				CE63B70A2CA46C5000D0397A /* telaDeLogin.app */,
				CE63B7202CA46C5300D0397A /* telaDeLoginTests.xctest */,
				CE63B72A2CA46C5300D0397A /* telaDeLoginUITests.xctest */,
			);
			name = Products;
			sourceTree = "<group>";
		};
/* End PBXGroup section */

/* Begin PBXNativeTarget section */
		CE63B7092CA46C5000D0397A /* telaDeLogin */ = {
			isa = PBXNativeTarget;
			buildConfigurationList = CE63B7332CA46C5300D0397A /* Build configuration list for PBXNativeTarget "telaDeLogin" */;
			buildPhases = (
				CE63B7062CA46C5000D0397A /* Sources */,
				CE63B7072CA46C5000D0397A /* Frameworks */,
				CE63B7082CA46C5000D0397A /* Resources */,
			);
			buildRules = (
			);
			dependencies = (
			);
			fileSystemSynchronizedGroups = (
				CE63B70C2CA46C5000D0397A /* telaDeLogin */,
			);
			name = telaDeLogin;
			packageProductDependencies = (
			);
			productName = telaDeLogin;
			productReference = CE63B70A2CA46C5000D0397A /* telaDeLogin.app */;
			productType = "com.apple.product-type.application";
		};
		CE63B71F2CA46C5300D0397A /* telaDeLoginTests */ = {
			isa = PBXNativeTarget;
			buildConfigurationList = CE63B7382CA46C5300D0397A /* Build configuration list for PBXNativeTarget "telaDeLoginTests" */;
			buildPhases = (
				CE63B71C2CA46C5300D0397A /* Sources */,
				CE63B71D2CA46C5300D0397A /* Frameworks */,
				CE63B71E2CA46C5300D0397A /* Resources */,
			);
			buildRules = (
			);
			dependencies = (
				CE63B7222CA46C5300D0397A /* PBXTargetDependency */,
			);
			fileSystemSynchronizedGroups = (
				CE63B7232CA46C5300D0397A /* telaDeLoginTests */,
			);
			name = telaDeLoginTests;
			packageProductDependencies = (
			);
			productName = telaDeLoginTests;
			productReference = CE63B7202CA46C5300D0397A /* telaDeLoginTests.xctest */;
			productType = "com.apple.product-type.bundle.unit-test";
		};
		CE63B7292CA46C5300D0397A /* telaDeLoginUITests */ = {
			isa = PBXNativeTarget;
			buildConfigurationList = CE63B73B2CA46C5300D0397A /* Build configuration list for PBXNativeTarget "telaDeLoginUITests" */;
			buildPhases = (
				CE63B7262CA46C5300D0397A /* Sources */,
				CE63B7272CA46C5300D0397A /* Frameworks */,
				CE63B7282CA46C5300D0397A /* Resources */,
			);
			buildRules = (
			);
			dependencies = (
				CE63B72C2CA46C5300D0397A /* PBXTargetDependency */,
			);
			fileSystemSynchronizedGroups = (
				CE63B72D2CA46C5300D0397A /* telaDeLoginUITests */,
			);
			name = telaDeLoginUITests;
			packageProductDependencies = (
			);
			productName = telaDeLoginUITests;
			productReference = CE63B72A2CA46C5300D0397A /* telaDeLoginUITests.xctest */;
			productType = "com.apple.product-type.bundle.ui-testing";
		};
/* End PBXNativeTarget section */

/* Begin PBXProject section */
		CE63B7022CA46C5000D0397A /* Project object */ = {
			isa = PBXProject;
			attributes = {
				BuildIndependentTargetsInParallel = 1;
				LastSwiftUpdateCheck = 1600;
				LastUpgradeCheck = 1600;
				TargetAttributes = {
					CE63B7092CA46C5000D0397A = {
						CreatedOnToolsVersion = 16.0;
					};
					CE63B71F2CA46C5300D0397A = {
						CreatedOnToolsVersion = 16.0;
						TestTargetID = CE63B7092CA46C5000D0397A;
					};
					CE63B7292CA46C5300D0397A = {
						CreatedOnToolsVersion = 16.0;
						TestTargetID = CE63B7092CA46C5000D0397A;
					};
				};
			};
			buildConfigurationList = CE63B7052CA46C5000D0397A /* Build configuration list for PBXProject "telaDeLogin" */;
			developmentRegion = en;
			hasScannedForEncodings = 0;
			knownRegions = (
				en,
				Base,
			);
			mainGroup = CE63B7012CA46C5000D0397A;
			minimizedProjectReferenceProxies = 1;
			preferredProjectObjectVersion = 77;
			productRefGroup = CE63B70B2CA46C5000D0397A /* Products */;
			projectDirPath = "";
			projectRoot = "";
			targets = (
				CE63B7092CA46C5000D0397A /* telaDeLogin */,
				CE63B71F2CA46C5300D0397A /* telaDeLoginTests */,
				CE63B7292CA46C5300D0397A /* telaDeLoginUITests */,
			);
		};
/* End PBXProject section */

/* Begin PBXResourcesBuildPhase section */
		CE63B7082CA46C5000D0397A /* Resources */ = {
			isa = PBXResourcesBuildPhase;
			buildActionMask = 2147483647;
			files = (
			);
			runOnlyForDeploymentPostprocessing = 0;
		};
		CE63B71E2CA46C5300D0397A /* Resources */ = {
			isa = PBXResourcesBuildPhase;
			buildActionMask = 2147483647;
			files = (
			);
			runOnlyForDeploymentPostprocessing = 0;
		};
		CE63B7282CA46C5300D0397A /* Resources */ = {
			isa = PBXResourcesBuildPhase;
			buildActionMask = 2147483647;
			files = (
			);
			runOnlyForDeploymentPostprocessing = 0;
		};
/* End PBXResourcesBuildPhase section */

/* Begin PBXSourcesBuildPhase section */
		CE63B7062CA46C5000D0397A /* Sources */ = {
			isa = PBXSourcesBuildPhase;
			buildActionMask = 2147483647;
			files = (
			);
			runOnlyForDeploymentPostprocessing = 0;
		};
		CE63B71C2CA46C5300D0397A /* Sources */ = {
			isa = PBXSourcesBuildPhase;
			buildActionMask = 2147483647;
			files = (
			);
			runOnlyForDeploymentPostprocessing = 0;
		};
		CE63B7262CA46C5300D0397A /* Sources */ = {
			isa = PBXSourcesBuildPhase;
			buildActionMask = 2147483647;
			files = (
			);
			runOnlyForDeploymentPostprocessing = 0;
		};
/* End PBXSourcesBuildPhase section */

/* Begin PBXTargetDependency section */
		CE63B7222CA46C5300D0397A /* PBXTargetDependency */ = {
			isa = PBXTargetDependency;
			target = CE63B7092CA46C5000D0397A /* telaDeLogin */;
			targetProxy = CE63B7212CA46C5300D0397A /* PBXContainerItemProxy */;
		};
		CE63B72C2CA46C5300D0397A /* PBXTargetDependency */ = {
			isa = PBXTargetDependency;
			target = CE63B7092CA46C5000D0397A /* telaDeLogin */;
			targetProxy = CE63B72B2CA46C5300D0397A /* PBXContainerItemProxy */;
		};
/* End PBXTargetDependency section */

/* Begin XCBuildConfiguration section */
		CE63B7342CA46C5300D0397A /* Debug */ = {
			isa = XCBuildConfiguration;
			buildSettings = {
				ASSETCATALOG_COMPILER_APPICON_NAME = AppIcon;
				ASSETCATALOG_COMPILER_GLOBAL_ACCENT_COLOR_NAME = AccentColor;
				CODE_SIGN_STYLE = Automatic;
				CURRENT_PROJECT_VERSION = 1;
				GENERATE_INFOPLIST_FILE = YES;
				INFOPLIST_FILE = telaDeLogin/Info.plist;
				INFOPLIST_KEY_UIApplicationSupportsIndirectInputEvents = YES;
				INFOPLIST_KEY_UILaunchStoryboardName = LaunchScreen;
				INFOPLIST_KEY_UIMainStoryboardFile = Main;
				INFOPLIST_KEY_UISupportedInterfaceOrientations_iPad = "UIInterfaceOrientationPortrait UIInterfaceOrientationPortraitUpsideDown UIInterfaceOrientationLandscapeLeft UIInterfaceOrientationLandscapeRight";
				INFOPLIST_KEY_UISupportedInterfaceOrientations_iPhone = "UIInterfaceOrientationPortrait UIInterfaceOrientationLandscapeLeft UIInterfaceOrientationLandscapeRight";
				IPHONEOS_DEPLOYMENT_TARGET = 15.6;
				LD_RUNPATH_SEARCH_PATHS = (
					"$(inherited)",
					"@executable_path/Frameworks",
				);
				MARKETING_VERSION = 1.0;
				PRODUCT_BUNDLE_IDENTIFIER = jeanramalho.dev.telaDeLogin;
				PRODUCT_NAME = "$(TARGET_NAME)";
				SUPPORTED_PLATFORMS = "iphoneos iphonesimulator";
				SUPPORTS_MACCATALYST = NO;
				SUPPORTS_MAC_DESIGNED_FOR_IPHONE_IPAD = NO;
				SUPPORTS_XR_DESIGNED_FOR_IPHONE_IPAD = NO;
				SWIFT_EMIT_LOC_STRINGS = YES;
				SWIFT_VERSION = 5.0;
				TARGETED_DEVICE_FAMILY = 1;
			};
			name = Debug;
		};
		CE63B7352CA46C5300D0397A /* Release */ = {
			isa = XCBuildConfiguration;
			buildSettings = {
				ASSETCATALOG_COMPILER_APPICON_NAME = AppIcon;
				ASSETCATALOG_COMPILER_GLOBAL_ACCENT_COLOR_NAME = AccentColor;
				CODE_SIGN_STYLE = Automatic;
				CURRENT_PROJECT_VERSION = 1;
				GENERATE_INFOPLIST_FILE = YES;
				INFOPLIST_FILE = telaDeLogin/Info.plist;
				INFOPLIST_KEY_UIApplicationSupportsIndirectInputEvents = YES;
				INFOPLIST_KEY_UILaunchStoryboardName = LaunchScreen;
				INFOPLIST_KEY_UIMainStoryboardFile = Main;
				INFOPLIST_KEY_UISupportedInterfaceOrientations_iPad = "UIInterfaceOrientationPortrait UIInterfaceOrientationPortraitUpsideDown UIInterfaceOrientationLandscapeLeft UIInterfaceOrientationLandscapeRight";
				INFOPLIST_KEY_UISupportedInterfaceOrientations_iPhone = "UIInterfaceOrientationPortrait UIInterfaceOrientationLandscapeLeft UIInterfaceOrientationLandscapeRight";
				IPHONEOS_DEPLOYMENT_TARGET = 15.6;
				LD_RUNPATH_SEARCH_PATHS = (
					"$(inherited)",
					"@executable_path/Frameworks",
				);
				MARKETING_VERSION = 1.0;
				PRODUCT_BUNDLE_IDENTIFIER = jeanramalho.dev.telaDeLogin;
				PRODUCT_NAME = "$(TARGET_NAME)";
				SUPPORTED_PLATFORMS = "iphoneos iphonesimulator";
				SUPPORTS_MACCATALYST = NO;
				SUPPORTS_MAC_DESIGNED_FOR_IPHONE_IPAD = NO;
				SUPPORTS_XR_DESIGNED_FOR_IPHONE_IPAD = NO;
				SWIFT_EMIT_LOC_STRINGS = YES;
				SWIFT_VERSION = 5.0;
				TARGETED_DEVICE_FAMILY = 1;
			};
			name = Release;
		};
		CE63B7362CA46C5300D0397A /* Debug */ = {
			isa = XCBuildConfiguration;
			buildSettings = {
				ALWAYS_SEARCH_USER_PATHS = NO;
				ASSETCATALOG_COMPILER_GENERATE_SWIFT_ASSET_SYMBOL_EXTENSIONS = YES;
				CLANG_ANALYZER_NONNULL = YES;
				CLANG_ANALYZER_NUMBER_OBJECT_CONVERSION = YES_AGGRESSIVE;
				CLANG_CXX_LANGUAGE_STANDARD = "gnu++20";
				CLANG_ENABLE_MODULES = YES;
				CLANG_ENABLE_OBJC_ARC = YES;
				CLANG_ENABLE_OBJC_WEAK = YES;
				CLANG_WARN_BLOCK_CAPTURE_AUTORELEASING = YES;
				CLANG_WARN_BOOL_CONVERSION = YES;
				CLANG_WARN_COMMA = YES;
				CLANG_WARN_CONSTANT_CONVERSION = YES;
				CLANG_WARN_DEPRECATED_OBJC_IMPLEMENTATIONS = YES;
				CLANG_WARN_DIRECT_OBJC_ISA_USAGE = YES_ERROR;
				CLANG_WARN_DOCUMENTATION_COMMENTS = YES;
				CLANG_WARN_EMPTY_BODY = YES;
				CLANG_WARN_ENUM_CONVERSION = YES;
				CLANG_WARN_INFINITE_RECURSION = YES;
				CLANG_WARN_INT_CONVERSION = YES;
				CLANG_WARN_NON_LITERAL_NULL_CONVERSION = YES;
				CLANG_WARN_OBJC_IMPLICIT_RETAIN_SELF = YES;
				CLANG_WARN_OBJC_LITERAL_CONVERSION = YES;
				CLANG_WARN_OBJC_ROOT_CLASS = YES_ERROR;
				CLANG_WARN_QUOTED_INCLUDE_IN_FRAMEWORK_HEADER = YES;
				CLANG_WARN_RANGE_LOOP_ANALYSIS = YES;
				CLANG_WARN_STRICT_PROTOTYPES = YES;
				CLANG_WARN_SUSPICIOUS_MOVE = YES;
				CLANG_WARN_UNGUARDED_AVAILABILITY = YES_AGGRESSIVE;
				CLANG_WARN_UNREACHABLE_CODE = YES;
				CLANG_WARN__DUPLICATE_METHOD_MATCH = YES;
				COPY_PHASE_STRIP = NO;
				DEBUG_INFORMATION_FORMAT = dwarf;
				ENABLE_STRICT_OBJC_MSGSEND = YES;
				ENABLE_TESTABILITY = YES;
				ENABLE_USER_SCRIPT_SANDBOXING = YES;
				GCC_C_LANGUAGE_STANDARD = gnu17;
				GCC_DYNAMIC_NO_PIC = NO;
				GCC_NO_COMMON_BLOCKS = YES;
				GCC_OPTIMIZATION_LEVEL = 0;
				GCC_PREPROCESSOR_DEFINITIONS = (
					"DEBUG=1",
					"$(inherited)",
				);
				GCC_WARN_64_TO_32_BIT_CONVERSION = YES;
				GCC_WARN_ABOUT_RETURN_TYPE = YES_ERROR;
				GCC_WARN_UNDECLARED_SELECTOR = YES;
				GCC_WARN_UNINITIALIZED_AUTOS = YES_AGGRESSIVE;
				GCC_WARN_UNUSED_FUNCTION = YES;
				GCC_WARN_UNUSED_VARIABLE = YES;
				IPHONEOS_DEPLOYMENT_TARGET = 18.0;
				LOCALIZATION_PREFERS_STRING_CATALOGS = YES;
				MTL_ENABLE_DEBUG_INFO = INCLUDE_SOURCE;
				MTL_FAST_MATH = YES;
				ONLY_ACTIVE_ARCH = YES;
				SDKROOT = iphoneos;
				SWIFT_ACTIVE_COMPILATION_CONDITIONS = "DEBUG $(inherited)";
				SWIFT_OPTIMIZATION_LEVEL = "-Onone";
			};
			name = Debug;
		};
		CE63B7372CA46C5300D0397A /* Release */ = {
			isa = XCBuildConfiguration;
			buildSettings = {
				ALWAYS_SEARCH_USER_PATHS = NO;
				ASSETCATALOG_COMPILER_GENERATE_SWIFT_ASSET_SYMBOL_EXTENSIONS = YES;
				CLANG_ANALYZER_NONNULL = YES;
				CLANG_ANALYZER_NUMBER_OBJECT_CONVERSION = YES_AGGRESSIVE;
				CLANG_CXX_LANGUAGE_STANDARD = "gnu++20";
				CLANG_ENABLE_MODULES = YES;
				CLANG_ENABLE_OBJC_ARC = YES;
				CLANG_ENABLE_OBJC_WEAK = YES;
				CLANG_WARN_BLOCK_CAPTURE_AUTORELEASING = YES;
				CLANG_WARN_BOOL_CONVERSION = YES;
				CLANG_WARN_COMMA = YES;
				CLANG_WARN_CONSTANT_CONVERSION = YES;
				CLANG_WARN_DEPRECATED_OBJC_IMPLEMENTATIONS = YES;
				CLANG_WARN_DIRECT_OBJC_ISA_USAGE = YES_ERROR;
				CLANG_WARN_DOCUMENTATION_COMMENTS = YES;
				CLANG_WARN_EMPTY_BODY = YES;
				CLANG_WARN_ENUM_CONVERSION = YES;
				CLANG_WARN_INFINITE_RECURSION = YES;
				CLANG_WARN_INT_CONVERSION = YES;
				CLANG_WARN_NON_LITERAL_NULL_CONVERSION = YES;
				CLANG_WARN_OBJC_IMPLICIT_RETAIN_SELF = YES;
				CLANG_WARN_OBJC_LITERAL_CONVERSION = YES;
				CLANG_WARN_OBJC_ROOT_CLASS = YES_ERROR;
				CLANG_WARN_QUOTED_INCLUDE_IN_FRAMEWORK_HEADER = YES;
				CLANG_WARN_RANGE_LOOP_ANALYSIS = YES;
				CLANG_WARN_STRICT_PROTOTYPES = YES;
				CLANG_WARN_SUSPICIOUS_MOVE = YES;
				CLANG_WARN_UNGUARDED_AVAILABILITY = YES_AGGRESSIVE;
				CLANG_WARN_UNREACHABLE_CODE = YES;
				CLANG_WARN__DUPLICATE_METHOD_MATCH = YES;
				COPY_PHASE_STRIP = NO;
				DEBUG_INFORMATION_FORMAT = "dwarf-with-dsym";
				ENABLE_NS_ASSERTIONS = NO;
				ENABLE_STRICT_OBJC_MSGSEND = YES;
				ENABLE_USER_SCRIPT_SANDBOXING = YES;
				GCC_C_LANGUAGE_STANDARD = gnu17;
				GCC_NO_COMMON_BLOCKS = YES;
				GCC_WARN_64_TO_32_BIT_CONVERSION = YES;
				GCC_WARN_ABOUT_RETURN_TYPE = YES_ERROR;
				GCC_WARN_UNDECLARED_SELECTOR = YES;
				GCC_WARN_UNINITIALIZED_AUTOS = YES_AGGRESSIVE;
				GCC_WARN_UNUSED_FUNCTION = YES;
				GCC_WARN_UNUSED_VARIABLE = YES;
				IPHONEOS_DEPLOYMENT_TARGET = 18.0;
				LOCALIZATION_PREFERS_STRING_CATALOGS = YES;
				MTL_ENABLE_DEBUG_INFO = NO;
				MTL_FAST_MATH = YES;
				SDKROOT = iphoneos;
				SWIFT_COMPILATION_MODE = wholemodule;
				VALIDATE_PRODUCT = YES;
			};
			name = Release;
		};
		CE63B7392CA46C5300D0397A /* Debug */ = {
			isa = XCBuildConfiguration;
			buildSettings = {
				BUNDLE_LOADER = "$(TEST_HOST)";
				CODE_SIGN_STYLE = Automatic;
				CURRENT_PROJECT_VERSION = 1;
				GENERATE_INFOPLIST_FILE = YES;
				IPHONEOS_DEPLOYMENT_TARGET = 18.0;
				MARKETING_VERSION = 1.0;
				PRODUCT_BUNDLE_IDENTIFIER = jeanramalho.dev.telaDeLoginTests;
				PRODUCT_NAME = "$(TARGET_NAME)";
				SWIFT_EMIT_LOC_STRINGS = NO;
				SWIFT_VERSION = 5.0;
				TARGETED_DEVICE_FAMILY = "1,2";
				TEST_HOST = "$(BUILT_PRODUCTS_DIR)/telaDeLogin.app/$(BUNDLE_EXECUTABLE_FOLDER_PATH)/telaDeLogin";
			};
			name = Debug;
		};
		CE63B73A2CA46C5300D0397A /* Release */ = {
			isa = XCBuildConfiguration;
			buildSettings = {
				BUNDLE_LOADER = "$(TEST_HOST)";
				CODE_SIGN_STYLE = Automatic;
				CURRENT_PROJECT_VERSION = 1;
				GENERATE_INFOPLIST_FILE = YES;
				IPHONEOS_DEPLOYMENT_TARGET = 18.0;
				MARKETING_VERSION = 1.0;
				PRODUCT_BUNDLE_IDENTIFIER = jeanramalho.dev.telaDeLoginTests;
				PRODUCT_NAME = "$(TARGET_NAME)";
				SWIFT_EMIT_LOC_STRINGS = NO;
				SWIFT_VERSION = 5.0;
				TARGETED_DEVICE_FAMILY = "1,2";
				TEST_HOST = "$(BUILT_PRODUCTS_DIR)/telaDeLogin.app/$(BUNDLE_EXECUTABLE_FOLDER_PATH)/telaDeLogin";
			};
			name = Release;
		};
		CE63B73C2CA46C5300D0397A /* Debug */ = {
			isa = XCBuildConfiguration;
			buildSettings = {
				CODE_SIGN_STYLE = Automatic;
				CURRENT_PROJECT_VERSION = 1;
				GENERATE_INFOPLIST_FILE = YES;
				MARKETING_VERSION = 1.0;
				PRODUCT_BUNDLE_IDENTIFIER = jeanramalho.dev.telaDeLoginUITests;
				PRODUCT_NAME = "$(TARGET_NAME)";
				SWIFT_EMIT_LOC_STRINGS = NO;
				SWIFT_VERSION = 5.0;
				TARGETED_DEVICE_FAMILY = "1,2";
				TEST_TARGET_NAME = telaDeLogin;
			};
			name = Debug;
		};
		CE63B73D2CA46C5300D0397A /* Release */ = {
			isa = XCBuildConfiguration;
			buildSettings = {
				CODE_SIGN_STYLE = Automatic;
				CURRENT_PROJECT_VERSION = 1;
				GENERATE_INFOPLIST_FILE = YES;
				MARKETING_VERSION = 1.0;
				PRODUCT_BUNDLE_IDENTIFIER = jeanramalho.dev.telaDeLoginUITests;
				PRODUCT_NAME = "$(TARGET_NAME)";
				SWIFT_EMIT_LOC_STRINGS = NO;
				SWIFT_VERSION = 5.0;
				TARGETED_DEVICE_FAMILY = "1,2";
				TEST_TARGET_NAME = telaDeLogin;
			};
			name = Release;
		};
/* End XCBuildConfiguration section */

/* Begin XCConfigurationList section */
		CE63B7052CA46C5000D0397A /* Build configuration list for PBXProject "telaDeLogin" */ = {
			isa = XCConfigurationList;
			buildConfigurations = (
				CE63B7362CA46C5300D0397A /* Debug */,
				CE63B7372CA46C5300D0397A /* Release */,
			);
			defaultConfigurationIsVisible = 0;
			defaultConfigurationName = Release;
		};
		CE63B7332CA46C5300D0397A /* Build configuration list for PBXNativeTarget "telaDeLogin" */ = {
			isa = XCConfigurationList;
			buildConfigurations = (
				CE63B7342CA46C5300D0397A /* Debug */,
				CE63B7352CA46C5300D0397A /* Release */,
			);
			defaultConfigurationIsVisible = 0;
			defaultConfigurationName = Release;
		};
		CE63B7382CA46C5300D0397A /* Build configuration list for PBXNativeTarget "telaDeLoginTests" */ = {
			isa = XCConfigurationList;
			buildConfigurations = (
				CE63B7392CA46C5300D0397A /* Debug */,
				CE63B73A2CA46C5300D0397A /* Release */,
			);
			defaultConfigurationIsVisible = 0;
			defaultConfigurationName = Release;
		};
		CE63B73B2CA46C5300D0397A /* Build configuration list for PBXNativeTarget "telaDeLoginUITests" */ = {
			isa = XCConfigurationList;
			buildConfigurations = (
				CE63B73C2CA46C5300D0397A /* Debug */,
				CE63B73D2CA46C5300D0397A /* Release */,
			);
			defaultConfigurationIsVisible = 0;
			defaultConfigurationName = Release;
		};
/* End XCConfigurationList section */
	};
	rootObject = CE63B7022CA46C5000D0397A /* Project object */;
}
