// !$*UTF8*$!
{
	archiveVersion = 1;
	classes = {
	};
	objectVersion = 77;
	objects = {

/* Begin PBXContainerItemProxy section */
		CE137CC52CA5CE4700D5A81F /* PBXContainerItemProxy */ = {
			isa = PBXContainerItemProxy;
			containerPortal = CE137CA62CA5CE4100D5A81F /* Project object */;
			proxyType = 1;
			remoteGlobalIDString = CE137CAD2CA5CE4100D5A81F;
			remoteInfo = UISlider;
		};
		CE137CCF2CA5CE4700D5A81F /* PBXContainerItemProxy */ = {
			isa = PBXContainerItemProxy;
			containerPortal = CE137CA62CA5CE4100D5A81F /* Project object */;
			proxyType = 1;
			remoteGlobalIDString = CE137CAD2CA5CE4100D5A81F;
			remoteInfo = UISlider;
		};
/* End PBXContainerItemProxy section */

/* Begin PBXFileReference section */
		CE137CAE2CA5CE4100D5A81F /* UISlider.app */ = {isa = PBXFileReference; explicitFileType = wrapper.application; includeInIndex = 0; path = UISlider.app; sourceTree = BUILT_PRODUCTS_DIR; };
		CE137CC42CA5CE4700D5A81F /* UISliderTests.xctest */ = {isa = PBXFileReference; explicitFileType = wrapper.cfbundle; includeInIndex = 0; path = UISliderTests.xctest; sourceTree = BUILT_PRODUCTS_DIR; };
		CE137CCE2CA5CE4700D5A81F /* UISliderUITests.xctest */ = {isa = PBXFileReference; explicitFileType = wrapper.cfbundle; includeInIndex = 0; path = UISliderUITests.xctest; sourceTree = BUILT_PRODUCTS_DIR; };
/* End PBXFileReference section */

/* Begin PBXFileSystemSynchronizedBuildFileExceptionSet section */
		CE137CD62CA5CE4700D5A81F /* Exceptions for "UISlider" folder in "UISlider" target */ = {
			isa = PBXFileSystemSynchronizedBuildFileExceptionSet;
			membershipExceptions = (
				Info.plist,
			);
			target = CE137CAD2CA5CE4100D5A81F /* UISlider */;
		};
/* End PBXFileSystemSynchronizedBuildFileExceptionSet section */

/* Begin PBXFileSystemSynchronizedRootGroup section */
		CE137CB02CA5CE4100D5A81F /* UISlider */ = {
			isa = PBXFileSystemSynchronizedRootGroup;
			exceptions = (
				CE137CD62CA5CE4700D5A81F /* Exceptions for "UISlider" folder in "UISlider" target */,
			);
			path = UISlider;
			sourceTree = "<group>";
		};
		CE137CC72CA5CE4700D5A81F /* UISliderTests */ = {
			isa = PBXFileSystemSynchronizedRootGroup;
			path = UISliderTests;
			sourceTree = "<group>";
		};
		CE137CD12CA5CE4700D5A81F /* UISliderUITests */ = {
			isa = PBXFileSystemSynchronizedRootGroup;
			path = UISliderUITests;
			sourceTree = "<group>";
		};
/* End PBXFileSystemSynchronizedRootGroup section */

/* Begin PBXFrameworksBuildPhase section */
		CE137CAB2CA5CE4100D5A81F /* Frameworks */ = {
			isa = PBXFrameworksBuildPhase;
			buildActionMask = 2147483647;
			files = (
			);
			runOnlyForDeploymentPostprocessing = 0;
		};
		CE137CC12CA5CE4700D5A81F /* Frameworks */ = {
			isa = PBXFrameworksBuildPhase;
			buildActionMask = 2147483647;
			files = (
			);
			runOnlyForDeploymentPostprocessing = 0;
		};
		CE137CCB2CA5CE4700D5A81F /* Frameworks */ = {
			isa = PBXFrameworksBuildPhase;
			buildActionMask = 2147483647;
			files = (
			);
			runOnlyForDeploymentPostprocessing = 0;
		};
/* End PBXFrameworksBuildPhase section */

/* Begin PBXGroup section */
		CE137CA52CA5CE4100D5A81F = {
			isa = PBXGroup;
			children = (
				CE137CB02CA5CE4100D5A81F /* UISlider */,
				CE137CC72CA5CE4700D5A81F /* UISliderTests */,
				CE137CD12CA5CE4700D5A81F /* UISliderUITests */,
				CE137CAF2CA5CE4100D5A81F /* Products */,
			);
			sourceTree = "<group>";
		};
		CE137CAF2CA5CE4100D5A81F /* Products */ = {
			isa = PBXGroup;
			children = (
				CE137CAE2CA5CE4100D5A81F /* UISlider.app */,
				CE137CC42CA5CE4700D5A81F /* UISliderTests.xctest */,
				CE137CCE2CA5CE4700D5A81F /* UISliderUITests.xctest */,
			);
			name = Products;
			sourceTree = "<group>";
		};
/* End PBXGroup section */

/* Begin PBXNativeTarget section */
		CE137CAD2CA5CE4100D5A81F /* UISlider */ = {
			isa = PBXNativeTarget;
			buildConfigurationList = CE137CD72CA5CE4700D5A81F /* Build configuration list for PBXNativeTarget "UISlider" */;
			buildPhases = (
				CE137CAA2CA5CE4100D5A81F /* Sources */,
				CE137CAB2CA5CE4100D5A81F /* Frameworks */,
				CE137CAC2CA5CE4100D5A81F /* Resources */,
			);
			buildRules = (
			);
			dependencies = (
			);
			fileSystemSynchronizedGroups = (
				CE137CB02CA5CE4100D5A81F /* UISlider */,
			);
			name = UISlider;
			packageProductDependencies = (
			);
			productName = UISlider;
			productReference = CE137CAE2CA5CE4100D5A81F /* UISlider.app */;
			productType = "com.apple.product-type.application";
		};
		CE137CC32CA5CE4700D5A81F /* UISliderTests */ = {
			isa = PBXNativeTarget;
			buildConfigurationList = CE137CDC2CA5CE4700D5A81F /* Build configuration list for PBXNativeTarget "UISliderTests" */;
			buildPhases = (
				CE137CC02CA5CE4700D5A81F /* Sources */,
				CE137CC12CA5CE4700D5A81F /* Frameworks */,
				CE137CC22CA5CE4700D5A81F /* Resources */,
			);
			buildRules = (
			);
			dependencies = (
				CE137CC62CA5CE4700D5A81F /* PBXTargetDependency */,
			);
			fileSystemSynchronizedGroups = (
				CE137CC72CA5CE4700D5A81F /* UISliderTests */,
			);
			name = UISliderTests;
			packageProductDependencies = (
			);
			productName = UISliderTests;
			productReference = CE137CC42CA5CE4700D5A81F /* UISliderTests.xctest */;
			productType = "com.apple.product-type.bundle.unit-test";
		};
		CE137CCD2CA5CE4700D5A81F /* UISliderUITests */ = {
			isa = PBXNativeTarget;
			buildConfigurationList = CE137CDF2CA5CE4700D5A81F /* Build configuration list for PBXNativeTarget "UISliderUITests" */;
			buildPhases = (
				CE137CCA2CA5CE4700D5A81F /* Sources */,
				CE137CCB2CA5CE4700D5A81F /* Frameworks */,
				CE137CCC2CA5CE4700D5A81F /* Resources */,
			);
			buildRules = (
			);
			dependencies = (
				CE137CD02CA5CE4700D5A81F /* PBXTargetDependency */,
			);
			fileSystemSynchronizedGroups = (
				CE137CD12CA5CE4700D5A81F /* UISliderUITests */,
			);
			name = UISliderUITests;
			packageProductDependencies = (
			);
			productName = UISliderUITests;
			productReference = CE137CCE2CA5CE4700D5A81F /* UISliderUITests.xctest */;
			productType = "com.apple.product-type.bundle.ui-testing";
		};
/* End PBXNativeTarget section */

/* Begin PBXProject section */
		CE137CA62CA5CE4100D5A81F /* Project object */ = {
			isa = PBXProject;
			attributes = {
				BuildIndependentTargetsInParallel = 1;
				LastSwiftUpdateCheck = 1600;
				LastUpgradeCheck = 1600;
				TargetAttributes = {
					CE137CAD2CA5CE4100D5A81F = {
						CreatedOnToolsVersion = 16.0;
					};
					CE137CC32CA5CE4700D5A81F = {
						CreatedOnToolsVersion = 16.0;
						TestTargetID = CE137CAD2CA5CE4100D5A81F;
					};
					CE137CCD2CA5CE4700D5A81F = {
						CreatedOnToolsVersion = 16.0;
						TestTargetID = CE137CAD2CA5CE4100D5A81F;
					};
				};
			};
			buildConfigurationList = CE137CA92CA5CE4100D5A81F /* Build configuration list for PBXProject "UISlider" */;
			developmentRegion = en;
			hasScannedForEncodings = 0;
			knownRegions = (
				en,
				Base,
			);
			mainGroup = CE137CA52CA5CE4100D5A81F;
			minimizedProjectReferenceProxies = 1;
			preferredProjectObjectVersion = 77;
			productRefGroup = CE137CAF2CA5CE4100D5A81F /* Products */;
			projectDirPath = "";
			projectRoot = "";
			targets = (
				CE137CAD2CA5CE4100D5A81F /* UISlider */,
				CE137CC32CA5CE4700D5A81F /* UISliderTests */,
				CE137CCD2CA5CE4700D5A81F /* UISliderUITests */,
			);
		};
/* End PBXProject section */

/* Begin PBXResourcesBuildPhase section */
		CE137CAC2CA5CE4100D5A81F /* Resources */ = {
			isa = PBXResourcesBuildPhase;
			buildActionMask = 2147483647;
			files = (
			);
			runOnlyForDeploymentPostprocessing = 0;
		};
		CE137CC22CA5CE4700D5A81F /* Resources */ = {
			isa = PBXResourcesBuildPhase;
			buildActionMask = 2147483647;
			files = (
			);
			runOnlyForDeploymentPostprocessing = 0;
		};
		CE137CCC2CA5CE4700D5A81F /* Resources */ = {
			isa = PBXResourcesBuildPhase;
			buildActionMask = 2147483647;
			files = (
			);
			runOnlyForDeploymentPostprocessing = 0;
		};
/* End PBXResourcesBuildPhase section */

/* Begin PBXSourcesBuildPhase section */
		CE137CAA2CA5CE4100D5A81F /* Sources */ = {
			isa = PBXSourcesBuildPhase;
			buildActionMask = 2147483647;
			files = (
			);
			runOnlyForDeploymentPostprocessing = 0;
		};
		CE137CC02CA5CE4700D5A81F /* Sources */ = {
			isa = PBXSourcesBuildPhase;
			buildActionMask = 2147483647;
			files = (
			);
			runOnlyForDeploymentPostprocessing = 0;
		};
		CE137CCA2CA5CE4700D5A81F /* Sources */ = {
			isa = PBXSourcesBuildPhase;
			buildActionMask = 2147483647;
			files = (
			);
			runOnlyForDeploymentPostprocessing = 0;
		};
/* End PBXSourcesBuildPhase section */

/* Begin PBXTargetDependency section */
		CE137CC62CA5CE4700D5A81F /* PBXTargetDependency */ = {
			isa = PBXTargetDependency;
			target = CE137CAD2CA5CE4100D5A81F /* UISlider */;
			targetProxy = CE137CC52CA5CE4700D5A81F /* PBXContainerItemProxy */;
		};
		CE137CD02CA5CE4700D5A81F /* PBXTargetDependency */ = {
			isa = PBXTargetDependency;
			target = CE137CAD2CA5CE4100D5A81F /* UISlider */;
			targetProxy = CE137CCF2CA5CE4700D5A81F /* PBXContainerItemProxy */;
		};
/* End PBXTargetDependency section */

/* Begin XCBuildConfiguration section */
		CE137CD82CA5CE4700D5A81F /* Debug */ = {
			isa = XCBuildConfiguration;
			buildSettings = {
				ASSETCATALOG_COMPILER_APPICON_NAME = AppIcon;
				ASSETCATALOG_COMPILER_GLOBAL_ACCENT_COLOR_NAME = AccentColor;
				CODE_SIGN_STYLE = Automatic;
				CURRENT_PROJECT_VERSION = 1;
				GENERATE_INFOPLIST_FILE = YES;
				INFOPLIST_FILE = UISlider/Info.plist;
				INFOPLIST_KEY_UIApplicationSupportsIndirectInputEvents = YES;
				INFOPLIST_KEY_UILaunchStoryboardName = LaunchScreen;
				INFOPLIST_KEY_UIMainStoryboardFile = Main;
				INFOPLIST_KEY_UISupportedInterfaceOrientations_iPad = "UIInterfaceOrientationPortrait UIInterfaceOrientationPortraitUpsideDown UIInterfaceOrientationLandscapeLeft UIInterfaceOrientationLandscapeRight";
				INFOPLIST_KEY_UISupportedInterfaceOrientations_iPhone = "UIInterfaceOrientationPortrait UIInterfaceOrientationLandscapeLeft UIInterfaceOrientationLandscapeRight";
				LD_RUNPATH_SEARCH_PATHS = (
					"$(inherited)",
					"@executable_path/Frameworks",
				);
				MARKETING_VERSION = 1.0;
				PRODUCT_BUNDLE_IDENTIFIER = jeanramalho.dev.UISlider;
				PRODUCT_NAME = "$(TARGET_NAME)";
				SUPPORTED_PLATFORMS = "iphoneos iphonesimulator";
				SUPPORTS_MACCATALYST = NO;
				SUPPORTS_MAC_DESIGNED_FOR_IPHONE_IPAD = NO;
				SUPPORTS_XR_DESIGNED_FOR_IPHONE_IPAD = NO;
				SWIFT_EMIT_LOC_STRINGS = YES;
				SWIFT_VERSION = 5.0;
				TARGETED_DEVICE_FAMILY = 1;
			};
			name = Debug;
		};
		CE137CD92CA5CE4700D5A81F /* Release */ = {
			isa = XCBuildConfiguration;
			buildSettings = {
				ASSETCATALOG_COMPILER_APPICON_NAME = AppIcon;
				ASSETCATALOG_COMPILER_GLOBAL_ACCENT_COLOR_NAME = AccentColor;
				CODE_SIGN_STYLE = Automatic;
				CURRENT_PROJECT_VERSION = 1;
				GENERATE_INFOPLIST_FILE = YES;
				INFOPLIST_FILE = UISlider/Info.plist;
				INFOPLIST_KEY_UIApplicationSupportsIndirectInputEvents = YES;
				INFOPLIST_KEY_UILaunchStoryboardName = LaunchScreen;
				INFOPLIST_KEY_UIMainStoryboardFile = Main;
				INFOPLIST_KEY_UISupportedInterfaceOrientations_iPad = "UIInterfaceOrientationPortrait UIInterfaceOrientationPortraitUpsideDown UIInterfaceOrientationLandscapeLeft UIInterfaceOrientationLandscapeRight";
				INFOPLIST_KEY_UISupportedInterfaceOrientations_iPhone = "UIInterfaceOrientationPortrait UIInterfaceOrientationLandscapeLeft UIInterfaceOrientationLandscapeRight";
				LD_RUNPATH_SEARCH_PATHS = (
					"$(inherited)",
					"@executable_path/Frameworks",
				);
				MARKETING_VERSION = 1.0;
				PRODUCT_BUNDLE_IDENTIFIER = jeanramalho.dev.UISlider;
				PRODUCT_NAME = "$(TARGET_NAME)";
				SUPPORTED_PLATFORMS = "iphoneos iphonesimulator";
				SUPPORTS_MACCATALYST = NO;
				SUPPORTS_MAC_DESIGNED_FOR_IPHONE_IPAD = NO;
				SUPPORTS_XR_DESIGNED_FOR_IPHONE_IPAD = NO;
				SWIFT_EMIT_LOC_STRINGS = YES;
				SWIFT_VERSION = 5.0;
				TARGETED_DEVICE_FAMILY = 1;
			};
			name = Release;
		};
		CE137CDA2CA5CE4700D5A81F /* Debug */ = {
			isa = XCBuildConfiguration;
			buildSettings = {
				ALWAYS_SEARCH_USER_PATHS = NO;
				ASSETCATALOG_COMPILER_GENERATE_SWIFT_ASSET_SYMBOL_EXTENSIONS = YES;
				CLANG_ANALYZER_NONNULL = YES;
				CLANG_ANALYZER_NUMBER_OBJECT_CONVERSION = YES_AGGRESSIVE;
				CLANG_CXX_LANGUAGE_STANDARD = "gnu++20";
				CLANG_ENABLE_MODULES = YES;
				CLANG_ENABLE_OBJC_ARC = YES;
				CLANG_ENABLE_OBJC_WEAK = YES;
				CLANG_WARN_BLOCK_CAPTURE_AUTORELEASING = YES;
				CLANG_WARN_BOOL_CONVERSION = YES;
				CLANG_WARN_COMMA = YES;
				CLANG_WARN_CONSTANT_CONVERSION = YES;
				CLANG_WARN_DEPRECATED_OBJC_IMPLEMENTATIONS = YES;
				CLANG_WARN_DIRECT_OBJC_ISA_USAGE = YES_ERROR;
				CLANG_WARN_DOCUMENTATION_COMMENTS = YES;
				CLANG_WARN_EMPTY_BODY = YES;
				CLANG_WARN_ENUM_CONVERSION = YES;
				CLANG_WARN_INFINITE_RECURSION = YES;
				CLANG_WARN_INT_CONVERSION = YES;
				CLANG_WARN_NON_LITERAL_NULL_CONVERSION = YES;
				CLANG_WARN_OBJC_IMPLICIT_RETAIN_SELF = YES;
				CLANG_WARN_OBJC_LITERAL_CONVERSION = YES;
				CLANG_WARN_OBJC_ROOT_CLASS = YES_ERROR;
				CLANG_WARN_QUOTED_INCLUDE_IN_FRAMEWORK_HEADER = YES;
				CLANG_WARN_RANGE_LOOP_ANALYSIS = YES;
				CLANG_WARN_STRICT_PROTOTYPES = YES;
				CLANG_WARN_SUSPICIOUS_MOVE = YES;
				CLANG_WARN_UNGUARDED_AVAILABILITY = YES_AGGRESSIVE;
				CLANG_WARN_UNREACHABLE_CODE = YES;
				CLANG_WARN__DUPLICATE_METHOD_MATCH = YES;
				COPY_PHASE_STRIP = NO;
				DEBUG_INFORMATION_FORMAT = dwarf;
				ENABLE_STRICT_OBJC_MSGSEND = YES;
				ENABLE_TESTABILITY = YES;
				ENABLE_USER_SCRIPT_SANDBOXING = YES;
				GCC_C_LANGUAGE_STANDARD = gnu17;
				GCC_DYNAMIC_NO_PIC = NO;
				GCC_NO_COMMON_BLOCKS = YES;
				GCC_OPTIMIZATION_LEVEL = 0;
				GCC_PREPROCESSOR_DEFINITIONS = (
					"DEBUG=1",
					"$(inherited)",
				);
				GCC_WARN_64_TO_32_BIT_CONVERSION = YES;
				GCC_WARN_ABOUT_RETURN_TYPE = YES_ERROR;
				GCC_WARN_UNDECLARED_SELECTOR = YES;
				GCC_WARN_UNINITIALIZED_AUTOS = YES_AGGRESSIVE;
				GCC_WARN_UNUSED_FUNCTION = YES;
				GCC_WARN_UNUSED_VARIABLE = YES;
				IPHONEOS_DEPLOYMENT_TARGET = 18.0;
				LOCALIZATION_PREFERS_STRING_CATALOGS = YES;
				MTL_ENABLE_DEBUG_INFO = INCLUDE_SOURCE;
				MTL_FAST_MATH = YES;
				ONLY_ACTIVE_ARCH = YES;
				SDKROOT = iphoneos;
				SWIFT_ACTIVE_COMPILATION_CONDITIONS = "DEBUG $(inherited)";
				SWIFT_OPTIMIZATION_LEVEL = "-Onone";
			};
			name = Debug;
		};
		CE137CDB2CA5CE4700D5A81F /* Release */ = {
			isa = XCBuildConfiguration;
			buildSettings = {
				ALWAYS_SEARCH_USER_PATHS = NO;
				ASSETCATALOG_COMPILER_GENERATE_SWIFT_ASSET_SYMBOL_EXTENSIONS = YES;
				CLANG_ANALYZER_NONNULL = YES;
				CLANG_ANALYZER_NUMBER_OBJECT_CONVERSION = YES_AGGRESSIVE;
				CLANG_CXX_LANGUAGE_STANDARD = "gnu++20";
				CLANG_ENABLE_MODULES = YES;
				CLANG_ENABLE_OBJC_ARC = YES;
				CLANG_ENABLE_OBJC_WEAK = YES;
				CLANG_WARN_BLOCK_CAPTURE_AUTORELEASING = YES;
				CLANG_WARN_BOOL_CONVERSION = YES;
				CLANG_WARN_COMMA = YES;
				CLANG_WARN_CONSTANT_CONVERSION = YES;
				CLANG_WARN_DEPRECATED_OBJC_IMPLEMENTATIONS = YES;
				CLANG_WARN_DIRECT_OBJC_ISA_USAGE = YES_ERROR;
				CLANG_WARN_DOCUMENTATION_COMMENTS = YES;
				CLANG_WARN_EMPTY_BODY = YES;
				CLANG_WARN_ENUM_CONVERSION = YES;
				CLANG_WARN_INFINITE_RECURSION = YES;
				CLANG_WARN_INT_CONVERSION = YES;
				CLANG_WARN_NON_LITERAL_NULL_CONVERSION = YES;
				CLANG_WARN_OBJC_IMPLICIT_RETAIN_SELF = YES;
				CLANG_WARN_OBJC_LITERAL_CONVERSION = YES;
				CLANG_WARN_OBJC_ROOT_CLASS = YES_ERROR;
				CLANG_WARN_QUOTED_INCLUDE_IN_FRAMEWORK_HEADER = YES;
				CLANG_WARN_RANGE_LOOP_ANALYSIS = YES;
				CLANG_WARN_STRICT_PROTOTYPES = YES;
				CLANG_WARN_SUSPICIOUS_MOVE = YES;
				CLANG_WARN_UNGUARDED_AVAILABILITY = YES_AGGRESSIVE;
				CLANG_WARN_UNREACHABLE_CODE = YES;
				CLANG_WARN__DUPLICATE_METHOD_MATCH = YES;
				COPY_PHASE_STRIP = NO;
				DEBUG_INFORMATION_FORMAT = "dwarf-with-dsym";
				ENABLE_NS_ASSERTIONS = NO;
				ENABLE_STRICT_OBJC_MSGSEND = YES;
				ENABLE_USER_SCRIPT_SANDBOXING = YES;
				GCC_C_LANGUAGE_STANDARD = gnu17;
				GCC_NO_COMMON_BLOCKS = YES;
				GCC_WARN_64_TO_32_BIT_CONVERSION = YES;
				GCC_WARN_ABOUT_RETURN_TYPE = YES_ERROR;
				GCC_WARN_UNDECLARED_SELECTOR = YES;
				GCC_WARN_UNINITIALIZED_AUTOS = YES_AGGRESSIVE;
				GCC_WARN_UNUSED_FUNCTION = YES;
				GCC_WARN_UNUSED_VARIABLE = YES;
				IPHONEOS_DEPLOYMENT_TARGET = 18.0;
				LOCALIZATION_PREFERS_STRING_CATALOGS = YES;
				MTL_ENABLE_DEBUG_INFO = NO;
				MTL_FAST_MATH = YES;
				SDKROOT = iphoneos;
				SWIFT_COMPILATION_MODE = wholemodule;
				VALIDATE_PRODUCT = YES;
			};
			name = Release;
		};
		CE137CDD2CA5CE4700D5A81F /* Debug */ = {
			isa = XCBuildConfiguration;
			buildSettings = {
				BUNDLE_LOADER = "$(TEST_HOST)";
				CODE_SIGN_STYLE = Automatic;
				CURRENT_PROJECT_VERSION = 1;
				GENERATE_INFOPLIST_FILE = YES;
				IPHONEOS_DEPLOYMENT_TARGET = 18.0;
				MARKETING_VERSION = 1.0;
				PRODUCT_BUNDLE_IDENTIFIER = jeanramalho.dev.UISliderTests;
				PRODUCT_NAME = "$(TARGET_NAME)";
				SWIFT_EMIT_LOC_STRINGS = NO;
				SWIFT_VERSION = 5.0;
				TARGETED_DEVICE_FAMILY = "1,2";
				TEST_HOST = "$(BUILT_PRODUCTS_DIR)/UISlider.app/$(BUNDLE_EXECUTABLE_FOLDER_PATH)/UISlider";
			};
			name = Debug;
		};
		CE137CDE2CA5CE4700D5A81F /* Release */ = {
			isa = XCBuildConfiguration;
			buildSettings = {
				BUNDLE_LOADER = "$(TEST_HOST)";
				CODE_SIGN_STYLE = Automatic;
				CURRENT_PROJECT_VERSION = 1;
				GENERATE_INFOPLIST_FILE = YES;
				IPHONEOS_DEPLOYMENT_TARGET = 18.0;
				MARKETING_VERSION = 1.0;
				PRODUCT_BUNDLE_IDENTIFIER = jeanramalho.dev.UISliderTests;
				PRODUCT_NAME = "$(TARGET_NAME)";
				SWIFT_EMIT_LOC_STRINGS = NO;
				SWIFT_VERSION = 5.0;
				TARGETED_DEVICE_FAMILY = "1,2";
				TEST_HOST = "$(BUILT_PRODUCTS_DIR)/UISlider.app/$(BUNDLE_EXECUTABLE_FOLDER_PATH)/UISlider";
			};
			name = Release;
		};
		CE137CE02CA5CE4700D5A81F /* Debug */ = {
			isa = XCBuildConfiguration;
			buildSettings = {
				CODE_SIGN_STYLE = Automatic;
				CURRENT_PROJECT_VERSION = 1;
				GENERATE_INFOPLIST_FILE = YES;
				MARKETING_VERSION = 1.0;
				PRODUCT_BUNDLE_IDENTIFIER = jeanramalho.dev.UISliderUITests;
				PRODUCT_NAME = "$(TARGET_NAME)";
				SWIFT_EMIT_LOC_STRINGS = NO;
				SWIFT_VERSION = 5.0;
				TARGETED_DEVICE_FAMILY = "1,2";
				TEST_TARGET_NAME = UISlider;
			};
			name = Debug;
		};
		CE137CE12CA5CE4700D5A81F /* Release */ = {
			isa = XCBuildConfiguration;
			buildSettings = {
				CODE_SIGN_STYLE = Automatic;
				CURRENT_PROJECT_VERSION = 1;
				GENERATE_INFOPLIST_FILE = YES;
				MARKETING_VERSION = 1.0;
				PRODUCT_BUNDLE_IDENTIFIER = jeanramalho.dev.UISliderUITests;
				PRODUCT_NAME = "$(TARGET_NAME)";
				SWIFT_EMIT_LOC_STRINGS = NO;
				SWIFT_VERSION = 5.0;
				TARGETED_DEVICE_FAMILY = "1,2";
				TEST_TARGET_NAME = UISlider;
			};
			name = Release;
		};
/* End XCBuildConfiguration section */

/* Begin XCConfigurationList section */
		CE137CA92CA5CE4100D5A81F /* Build configuration list for PBXProject "UISlider" */ = {
			isa = XCConfigurationList;
			buildConfigurations = (
				CE137CDA2CA5CE4700D5A81F /* Debug */,
				CE137CDB2CA5CE4700D5A81F /* Release */,
			);
			defaultConfigurationIsVisible = 0;
			defaultConfigurationName = Release;
		};
		CE137CD72CA5CE4700D5A81F /* Build configuration list for PBXNativeTarget "UISlider" */ = {
			isa = XCConfigurationList;
			buildConfigurations = (
				CE137CD82CA5CE4700D5A81F /* Debug */,
				CE137CD92CA5CE4700D5A81F /* Release */,
			);
			defaultConfigurationIsVisible = 0;
			defaultConfigurationName = Release;
		};
		CE137CDC2CA5CE4700D5A81F /* Build configuration list for PBXNativeTarget "UISliderTests" */ = {
			isa = XCConfigurationList;
			buildConfigurations = (
				CE137CDD2CA5CE4700D5A81F /* Debug */,
				CE137CDE2CA5CE4700D5A81F /* Release */,
			);
			defaultConfigurationIsVisible = 0;
			defaultConfigurationName = Release;
		};
		CE137CDF2CA5CE4700D5A81F /* Build configuration list for PBXNativeTarget "UISliderUITests" */ = {
			isa = XCConfigurationList;
			buildConfigurations = (
				CE137CE02CA5CE4700D5A81F /* Debug */,
				CE137CE12CA5CE4700D5A81F /* Release */,
			);
			defaultConfigurationIsVisible = 0;
			defaultConfigurationName = Release;
		};
/* End XCConfigurationList section */
	};
	rootObject = CE137CA62CA5CE4100D5A81F /* Project object */;
}
